
Microsoft Visual Studio Solution File, Format Version 12.00
# Visual Studio Version 17
VisualStudioVersion = 17.0.32112.339
MinimumVisualStudioVersion = 10.0.40219.1
Project("{FAE04EC0-301F-11D3-BF4B-00C04F79EFBC}") = "BookStore", "BookStore\BookStore.csproj", "{B424E53D-649F-48B9-B132-F5B1D35AE364}"
EndProject
Global
	GlobalSection(SolutionConfigurationPlatforms) = preSolution
		Debug|Any CPU = Debug|Any CPU
		Release|Any CPU = Release|Any CPU
	EndGlobalSection
	GlobalSection(ProjectConfigurationPlatforms) = postSolution
		{B424E53D-649F-48B9-B132-F5B1D35AE364}.Debug|Any CPU.ActiveCfg = Debug|Any CPU
		{B424E53D-649F-48B9-B132-F5B1D35AE364}.Debug|Any CPU.Build.0 = Debug|Any CPU
		{B424E53D-649F-48B9-B132-F5B1D35AE364}.Release|Any CPU.ActiveCfg = Release|Any CPU
		{B424E53D-649F-48B9-B132-F5B1D35AE364}.Release|Any CPU.Build.0 = Release|Any CPU
	EndGlobalSection
	GlobalSection(SolutionProperties) = preSolution
		HideSolutionNode = FALSE
	EndGlobalSection
	GlobalSection(ExtensibilityGlobals) = postSolution
		SolutionGuid = {2C053654-2153-4EFA-8049-F1FFA4B76C69}
	EndGlobalSection
EndGlobal
